
Microsoft Visual Studio Solution File, Format Version 12.00
# Visual Studio Version 17
VisualStudioVersion = 17.9.34728.123
MinimumVisualStudioVersion = 10.0.40219.1
Project("{9A19103F-16F7-4668-BE54-9A1E7A4F7556}") = "Core", "src\server\Core\Core.csproj", "{9AB86F40-2D04-46C0-9D12-AD2DDB2AA39F}"
EndProject
Project("{9A19103F-16F7-4668-BE54-9A1E7A4F7556}") = "Data", "src\server\Data\Data.csproj", "{4FEBDEB2-AD19-4722-B8C4-49FC0DEDC575}"
EndProject
Project("{9A19103F-16F7-4668-BE54-9A1E7A4F7556}") = "Domain", "src\server\Domain\Domain.csproj", "{03509AB4-D6A7-451B-9B7A-14CFF0E8F902}"
EndProject
Project("{9A19103F-16F7-4668-BE54-9A1E7A4F7556}") = "Commands", "src\server\Commands\Commands.csproj", "{DD1C5378-4EA2-4BC5-A419-038C9252EB63}"
EndProject
Project("{9A19103F-16F7-4668-BE54-9A1E7A4F7556}") = "CommandHandlers", "src\server\CommandHandlers\CommandHandlers.csproj", "{3C1EB7FF-4C68-4702-9A22-E67842F56F7F}"
EndProject
Project("{9A19103F-16F7-4668-BE54-9A1E7A4F7556}") = "Queries", "src\server\Queries\Queries.csproj", "{687B8600-CD18-41ED-AEB9-E576A19CD044}"
EndProject
Project("{9A19103F-16F7-4668-BE54-9A1E7A4F7556}") = "Service", "src\server\Service\Service.csproj", "{0086E101-EC66-4618-AADA-531B568285D3}"
EndProject
Project("{9A19103F-16F7-4668-BE54-9A1E7A4F7556}") = "QueryServices", "src\server\QueryServices\QueryServices.csproj", "{87A495BF-FC9F-4D43-BB93-8A3FDA2E09F9}"
EndProject
Project("{2150E333-8FDC-42A3-9474-1A3956D46DE8}") = "Command", "Command", "{0CA1F157-4469-4D67-A914-9046562DDA08}"
EndProject
Project("{2150E333-8FDC-42A3-9474-1A3956D46DE8}") = "Query", "Query", "{A60F5269-D23A-40A9-9298-841E563B85C7}"
EndProject
Project("{2150E333-8FDC-42A3-9474-1A3956D46DE8}") = "Base", "Base", "{3C0ADB09-26D3-47E2-AC7B-F024CB81FF11}"
EndProject
Project("{2150E333-8FDC-42A3-9474-1A3956D46DE8}") = "Application", "Application", "{AA247170-D71D-4B4E-82C1-5FE4D3D066DB}"
EndProject
Project("{9A19103F-16F7-4668-BE54-9A1E7A4F7556}") = "ApiWrite", "src\server\ApiWrite\ApiWrite.csproj", "{7CCEC448-DD65-4F32-9A87-4986E3AF1F3D}"
EndProject
Project("{2150E333-8FDC-42A3-9474-1A3956D46DE8}") = "Domains", "Domains", "{D14018A2-316C-442F-BC63-84FDD69D79C0}"
EndProject
Project("{9A19103F-16F7-4668-BE54-9A1E7A4F7556}") = "Domain.ModelMappings", "src\server\Domain.ModelMappings\Domain.ModelMappings.csproj", "{9933FE64-DE93-4C4C-9A5F-59C81B75B329}"
EndProject
Project("{9A19103F-16F7-4668-BE54-9A1E7A4F7556}") = "ApiRead", "src\server\ApiRead\ApiRead.csproj", "{B456588E-71E7-42DA-BE9A-32BDF850F2C1}"
EndProject
Project("{FAE04EC0-301F-11D3-BF4B-00C04F79EFBC}") = "TestApi", "TestApi\TestApi.csproj", "{5901249A-FCE2-442E-8118-F869B1FF99D5}"
EndProject
Global
	GlobalSection(SolutionConfigurationPlatforms) = preSolution
		Debug|Any CPU = Debug|Any CPU
		Release|Any CPU = Release|Any CPU
	EndGlobalSection
	GlobalSection(ProjectConfigurationPlatforms) = postSolution
		{9AB86F40-2D04-46C0-9D12-AD2DDB2AA39F}.Debug|Any CPU.ActiveCfg = Debug|Any CPU
		{9AB86F40-2D04-46C0-9D12-AD2DDB2AA39F}.Debug|Any CPU.Build.0 = Debug|Any CPU
		{9AB86F40-2D04-46C0-9D12-AD2DDB2AA39F}.Release|Any CPU.ActiveCfg = Release|Any CPU
		{9AB86F40-2D04-46C0-9D12-AD2DDB2AA39F}.Release|Any CPU.Build.0 = Release|Any CPU
		{4FEBDEB2-AD19-4722-B8C4-49FC0DEDC575}.Debug|Any CPU.ActiveCfg = Debug|Any CPU
		{4FEBDEB2-AD19-4722-B8C4-49FC0DEDC575}.Debug|Any CPU.Build.0 = Debug|Any CPU
		{4FEBDEB2-AD19-4722-B8C4-49FC0DEDC575}.Release|Any CPU.ActiveCfg = Release|Any CPU
		{4FEBDEB2-AD19-4722-B8C4-49FC0DEDC575}.Release|Any CPU.Build.0 = Release|Any CPU
		{03509AB4-D6A7-451B-9B7A-14CFF0E8F902}.Debug|Any CPU.ActiveCfg = Debug|Any CPU
		{03509AB4-D6A7-451B-9B7A-14CFF0E8F902}.Debug|Any CPU.Build.0 = Debug|Any CPU
		{03509AB4-D6A7-451B-9B7A-14CFF0E8F902}.Release|Any CPU.ActiveCfg = Release|Any CPU
		{03509AB4-D6A7-451B-9B7A-14CFF0E8F902}.Release|Any CPU.Build.0 = Release|Any CPU
		{DD1C5378-4EA2-4BC5-A419-038C9252EB63}.Debug|Any CPU.ActiveCfg = Debug|Any CPU
		{DD1C5378-4EA2-4BC5-A419-038C9252EB63}.Debug|Any CPU.Build.0 = Debug|Any CPU
		{DD1C5378-4EA2-4BC5-A419-038C9252EB63}.Release|Any CPU.ActiveCfg = Release|Any CPU
		{DD1C5378-4EA2-4BC5-A419-038C9252EB63}.Release|Any CPU.Build.0 = Release|Any CPU
		{3C1EB7FF-4C68-4702-9A22-E67842F56F7F}.Debug|Any CPU.ActiveCfg = Debug|Any CPU
		{3C1EB7FF-4C68-4702-9A22-E67842F56F7F}.Debug|Any CPU.Build.0 = Debug|Any CPU
		{3C1EB7FF-4C68-4702-9A22-E67842F56F7F}.Release|Any CPU.ActiveCfg = Release|Any CPU
		{3C1EB7FF-4C68-4702-9A22-E67842F56F7F}.Release|Any CPU.Build.0 = Release|Any CPU
		{687B8600-CD18-41ED-AEB9-E576A19CD044}.Debug|Any CPU.ActiveCfg = Debug|Any CPU
		{687B8600-CD18-41ED-AEB9-E576A19CD044}.Debug|Any CPU.Build.0 = Debug|Any CPU
		{687B8600-CD18-41ED-AEB9-E576A19CD044}.Release|Any CPU.ActiveCfg = Release|Any CPU
		{687B8600-CD18-41ED-AEB9-E576A19CD044}.Release|Any CPU.Build.0 = Release|Any CPU
		{0086E101-EC66-4618-AADA-531B568285D3}.Debug|Any CPU.ActiveCfg = Debug|Any CPU
		{0086E101-EC66-4618-AADA-531B568285D3}.Debug|Any CPU.Build.0 = Debug|Any CPU
		{0086E101-EC66-4618-AADA-531B568285D3}.Release|Any CPU.ActiveCfg = Release|Any CPU
		{0086E101-EC66-4618-AADA-531B568285D3}.Release|Any CPU.Build.0 = Release|Any CPU
		{87A495BF-FC9F-4D43-BB93-8A3FDA2E09F9}.Debug|Any CPU.ActiveCfg = Debug|Any CPU
		{87A495BF-FC9F-4D43-BB93-8A3FDA2E09F9}.Debug|Any CPU.Build.0 = Debug|Any CPU
		{87A495BF-FC9F-4D43-BB93-8A3FDA2E09F9}.Release|Any CPU.ActiveCfg = Release|Any CPU
		{87A495BF-FC9F-4D43-BB93-8A3FDA2E09F9}.Release|Any CPU.Build.0 = Release|Any CPU
		{7CCEC448-DD65-4F32-9A87-4986E3AF1F3D}.Debug|Any CPU.ActiveCfg = Debug|Any CPU
		{7CCEC448-DD65-4F32-9A87-4986E3AF1F3D}.Debug|Any CPU.Build.0 = Debug|Any CPU
		{7CCEC448-DD65-4F32-9A87-4986E3AF1F3D}.Release|Any CPU.ActiveCfg = Release|Any CPU
		{7CCEC448-DD65-4F32-9A87-4986E3AF1F3D}.Release|Any CPU.Build.0 = Release|Any CPU
		{9933FE64-DE93-4C4C-9A5F-59C81B75B329}.Debug|Any CPU.ActiveCfg = Debug|Any CPU
		{9933FE64-DE93-4C4C-9A5F-59C81B75B329}.Debug|Any CPU.Build.0 = Debug|Any CPU
		{9933FE64-DE93-4C4C-9A5F-59C81B75B329}.Release|Any CPU.ActiveCfg = Release|Any CPU
		{9933FE64-DE93-4C4C-9A5F-59C81B75B329}.Release|Any CPU.Build.0 = Release|Any CPU
		{B456588E-71E7-42DA-BE9A-32BDF850F2C1}.Debug|Any CPU.ActiveCfg = Debug|Any CPU
		{B456588E-71E7-42DA-BE9A-32BDF850F2C1}.Debug|Any CPU.Build.0 = Debug|Any CPU
		{B456588E-71E7-42DA-BE9A-32BDF850F2C1}.Release|Any CPU.ActiveCfg = Release|Any CPU
		{B456588E-71E7-42DA-BE9A-32BDF850F2C1}.Release|Any CPU.Build.0 = Release|Any CPU
		{5901249A-FCE2-442E-8118-F869B1FF99D5}.Debug|Any CPU.ActiveCfg = Debug|Any CPU
		{5901249A-FCE2-442E-8118-F869B1FF99D5}.Debug|Any CPU.Build.0 = Debug|Any CPU
		{5901249A-FCE2-442E-8118-F869B1FF99D5}.Release|Any CPU.ActiveCfg = Release|Any CPU
		{5901249A-FCE2-442E-8118-F869B1FF99D5}.Release|Any CPU.Build.0 = Release|Any CPU
	EndGlobalSection
	GlobalSection(SolutionProperties) = preSolution
		HideSolutionNode = FALSE
	EndGlobalSection
	GlobalSection(NestedProjects) = preSolution
		{9AB86F40-2D04-46C0-9D12-AD2DDB2AA39F} = {3C0ADB09-26D3-47E2-AC7B-F024CB81FF11}
		{4FEBDEB2-AD19-4722-B8C4-49FC0DEDC575} = {3C0ADB09-26D3-47E2-AC7B-F024CB81FF11}
		{03509AB4-D6A7-451B-9B7A-14CFF0E8F902} = {D14018A2-316C-442F-BC63-84FDD69D79C0}
		{DD1C5378-4EA2-4BC5-A419-038C9252EB63} = {0CA1F157-4469-4D67-A914-9046562DDA08}
		{3C1EB7FF-4C68-4702-9A22-E67842F56F7F} = {0CA1F157-4469-4D67-A914-9046562DDA08}
		{687B8600-CD18-41ED-AEB9-E576A19CD044} = {A60F5269-D23A-40A9-9298-841E563B85C7}
		{0086E101-EC66-4618-AADA-531B568285D3} = {3C0ADB09-26D3-47E2-AC7B-F024CB81FF11}
		{87A495BF-FC9F-4D43-BB93-8A3FDA2E09F9} = {A60F5269-D23A-40A9-9298-841E563B85C7}
		{7CCEC448-DD65-4F32-9A87-4986E3AF1F3D} = {AA247170-D71D-4B4E-82C1-5FE4D3D066DB}
		{9933FE64-DE93-4C4C-9A5F-59C81B75B329} = {D14018A2-316C-442F-BC63-84FDD69D79C0}
		{B456588E-71E7-42DA-BE9A-32BDF850F2C1} = {AA247170-D71D-4B4E-82C1-5FE4D3D066DB}
		{5901249A-FCE2-442E-8118-F869B1FF99D5} = {AA247170-D71D-4B4E-82C1-5FE4D3D066DB}
	EndGlobalSection
	GlobalSection(ExtensibilityGlobals) = postSolution
		SolutionGuid = {3381679D-3013-4D51-8868-B422C96EA00D}
	EndGlobalSection
EndGlobal
